
Microsoft Visual Studio Solution File, Format Version 12.00
# Visual Studio Version 16
VisualStudioVersion = 16.0.30330.147
MinimumVisualStudioVersion = 10.0.40219.1
Project("{FAE04EC0-301F-11D3-BF4B-00C04F79EFBC}") = "Enumerations", "Enumerations\Enumerations.csproj", "{FBD13CC7-AF03-4F96-A664-46653FD37D34}"
EndProject
Global
	GlobalSection(SolutionConfigurationPlatforms) = preSolution
		Debug|Any CPU = Debug|Any CPU
		Release|Any CPU = Release|Any CPU
	EndGlobalSection
	GlobalSection(ProjectConfigurationPlatforms) = postSolution
		{FBD13CC7-AF03-4F96-A664-46653FD37D34}.Debug|Any CPU.ActiveCfg = Debug|Any CPU
		{FBD13CC7-AF03-4F96-A664-46653FD37D34}.Debug|Any CPU.Build.0 = Debug|Any CPU
		{FBD13CC7-AF03-4F96-A664-46653FD37D34}.Release|Any CPU.ActiveCfg = Release|Any CPU
		{FBD13CC7-AF03-4F96-A664-46653FD37D34}.Release|Any CPU.Build.0 = Release|Any CPU
	EndGlobalSection
	GlobalSection(SolutionProperties) = preSolution
		HideSolutionNode = FALSE
	EndGlobalSection
	GlobalSection(ExtensibilityGlobals) = postSolution
		SolutionGuid = {44EBB1F5-6A54-4759-AF0E-AEE0519E36B8}
	EndGlobalSection
EndGlobal
