
Microsoft Visual Studio Solution File, Format Version 12.00
# Visual Studio Version 16
VisualStudioVersion = 16.0.30320.27
MinimumVisualStudioVersion = 10.0.40219.1
Project("{FAE04EC0-301F-11D3-BF4B-00C04F79EFBC}") = "ClassesConstructors", "ClassesConstructors\ClassesConstructors.csproj", "{F01C2F4B-9516-49A5-B948-9D15A350DCA4}"
EndProject
Global
	GlobalSection(SolutionConfigurationPlatforms) = preSolution
		Debug|Any CPU = Debug|Any CPU
		Release|Any CPU = Release|Any CPU
	EndGlobalSection
	GlobalSection(ProjectConfigurationPlatforms) = postSolution
		{F01C2F4B-9516-49A5-B948-9D15A350DCA4}.Debug|Any CPU.ActiveCfg = Debug|Any CPU
		{F01C2F4B-9516-49A5-B948-9D15A350DCA4}.Debug|Any CPU.Build.0 = Debug|Any CPU
		{F01C2F4B-9516-49A5-B948-9D15A350DCA4}.Release|Any CPU.ActiveCfg = Release|Any CPU
		{F01C2F4B-9516-49A5-B948-9D15A350DCA4}.Release|Any CPU.Build.0 = Release|Any CPU
	EndGlobalSection
	GlobalSection(SolutionProperties) = preSolution
		HideSolutionNode = FALSE
	EndGlobalSection
	GlobalSection(ExtensibilityGlobals) = postSolution
		SolutionGuid = {6E4A3FA2-0C9E-41B7-8240-C242C22A1492}
	EndGlobalSection
EndGlobal
